
Microsoft Visual Studio Solution File, Format Version 12.00
# Visual Studio Version 17
VisualStudioVersion = 17.7.34031.279
MinimumVisualStudioVersion = 10.0.40219.1
Project("{FAE04EC0-301F-11D3-BF4B-00C04F79EFBC}") = "BrushSizeUnlimiter", "BrushSizeUnlimiter.csproj", "{94F4B1CA-F419-435A-A840-7A304F20628F}"
EndProject
Global
	GlobalSection(SolutionConfigurationPlatforms) = preSolution
		Debug|Any CPU = Debug|Any CPU
		Release|Any CPU = Release|Any CPU
	EndGlobalSection
	GlobalSection(ProjectConfigurationPlatforms) = postSolution
		{94F4B1CA-F419-435A-A840-7A304F20628F}.Debug|Any CPU.ActiveCfg = Debug|Any CPU
		{94F4B1CA-F419-435A-A840-7A304F20628F}.Debug|Any CPU.Build.0 = Debug|Any CPU
		{94F4B1CA-F419-435A-A840-7A304F20628F}.Release|Any CPU.ActiveCfg = Release|Any CPU
		{94F4B1CA-F419-435A-A840-7A304F20628F}.Release|Any CPU.Build.0 = Release|Any CPU
	EndGlobalSection
	GlobalSection(SolutionProperties) = preSolution
		HideSolutionNode = FALSE
	EndGlobalSection
	GlobalSection(ExtensibilityGlobals) = postSolution
		SolutionGuid = {CDD5A7B3-F8D6-47E1-8C60-B0CF61733DE3}
	EndGlobalSection
EndGlobal
